// !$*UTF8*$!
{
	archiveVersion = 1;
	classes = {
	};
	objectVersion = 56;
	objects = {

/* Begin PBXBuildFile section */
		A41222E62A7835BA00B681A2 /* AppACOMsApp.swift in Sources */ = {isa = PBXBuildFile; fileRef = A41222E52A7835BA00B681A2 /* AppACOMsApp.swift */; };
		A41222E82A7835BA00B681A2 /* ContentView.swift in Sources */ = {isa = PBXBuildFile; fileRef = A41222E72A7835BA00B681A2 /* ContentView.swift */; };
		A41222EA2A7835BB00B681A2 /* Assets.xcassets in Resources */ = {isa = PBXBuildFile; fileRef = A41222E92A7835BB00B681A2 /* Assets.xcassets */; };
		A41222ED2A7835BB00B681A2 /* Preview Assets.xcassets in Resources */ = {isa = PBXBuildFile; fileRef = A41222EC2A7835BB00B681A2 /* Preview Assets.xcassets */; };
		A41222F42A783CF500B681A2 /* HomeView.swift in Sources */ = {isa = PBXBuildFile; fileRef = A41222F32A783CF500B681A2 /* HomeView.swift */; };
		A41222F62A783D0400B681A2 /* AcomsView.swift in Sources */ = {isa = PBXBuildFile; fileRef = A41222F52A783D0400B681A2 /* AcomsView.swift */; };
		A41222F82A783D0E00B681A2 /* ProgressView.swift in Sources */ = {isa = PBXBuildFile; fileRef = A41222F72A783D0E00B681A2 /* ProgressView.swift */; };
		A41222FA2A783D2600B681A2 /* ProfileView.swift in Sources */ = {isa = PBXBuildFile; fileRef = A41222F92A783D2600B681A2 /* ProfileView.swift */; };
		A41222FD2A7846AC00B681A2 /* Activity.swift in Sources */ = {isa = PBXBuildFile; fileRef = A41222FC2A7846AB00B681A2 /* Activity.swift */; };
		A41223002A78474200B681A2 /* Acom.swift in Sources */ = {isa = PBXBuildFile; fileRef = A41222FF2A78474200B681A2 /* Acom.swift */; };
		A41223022A7852CD00B681A2 /* HomeView-ViewModel.swift in Sources */ = {isa = PBXBuildFile; fileRef = A41223012A7852CD00B681A2 /* HomeView-ViewModel.swift */; };
/* End PBXBuildFile section */

/* Begin PBXFileReference section */
		A41222E22A7835BA00B681A2 /* AppACOMs.app */ = {isa = PBXFileReference; explicitFileType = wrapper.application; includeInIndex = 0; path = AppACOMs.app; sourceTree = BUILT_PRODUCTS_DIR; };
		A41222E52A7835BA00B681A2 /* AppACOMsApp.swift */ = {isa = PBXFileReference; lastKnownFileType = sourcecode.swift; path = AppACOMsApp.swift; sourceTree = "<group>"; };
		A41222E72A7835BA00B681A2 /* ContentView.swift */ = {isa = PBXFileReference; lastKnownFileType = sourcecode.swift; path = ContentView.swift; sourceTree = "<group>"; };
		A41222E92A7835BB00B681A2 /* Assets.xcassets */ = {isa = PBXFileReference; lastKnownFileType = folder.assetcatalog; path = Assets.xcassets; sourceTree = "<group>"; };
		A41222EC2A7835BB00B681A2 /* Preview Assets.xcassets */ = {isa = PBXFileReference; lastKnownFileType = folder.assetcatalog; path = "Preview Assets.xcassets"; sourceTree = "<group>"; };
		A41222F32A783CF500B681A2 /* HomeView.swift */ = {isa = PBXFileReference; lastKnownFileType = sourcecode.swift; path = HomeView.swift; sourceTree = "<group>"; };
		A41222F52A783D0400B681A2 /* AcomsView.swift */ = {isa = PBXFileReference; lastKnownFileType = sourcecode.swift; path = AcomsView.swift; sourceTree = "<group>"; };
		A41222F72A783D0E00B681A2 /* ProgressView.swift */ = {isa = PBXFileReference; lastKnownFileType = sourcecode.swift; path = ProgressView.swift; sourceTree = "<group>"; };
		A41222F92A783D2600B681A2 /* ProfileView.swift */ = {isa = PBXFileReference; lastKnownFileType = sourcecode.swift; path = ProfileView.swift; sourceTree = "<group>"; };
		A41222FC2A7846AB00B681A2 /* Activity.swift */ = {isa = PBXFileReference; lastKnownFileType = sourcecode.swift; path = Activity.swift; sourceTree = "<group>"; };
		A41222FF2A78474200B681A2 /* Acom.swift */ = {isa = PBXFileReference; lastKnownFileType = sourcecode.swift; path = Acom.swift; sourceTree = "<group>"; };
		A41223012A7852CD00B681A2 /* HomeView-ViewModel.swift */ = {isa = PBXFileReference; lastKnownFileType = sourcecode.swift; path = "HomeView-ViewModel.swift"; sourceTree = "<group>"; };
/* End PBXFileReference section */

/* Begin PBXFrameworksBuildPhase section */
		A41222DF2A7835BA00B681A2 /* Frameworks */ = {
			isa = PBXFrameworksBuildPhase;
			buildActionMask = 2147483647;
			files = (
			);
			runOnlyForDeploymentPostprocessing = 0;
		};
/* End PBXFrameworksBuildPhase section */

/* Begin PBXGroup section */
		A41222D92A7835BA00B681A2 = {
			isa = PBXGroup;
			children = (
				A41222E42A7835BA00B681A2 /* AppACOMs */,
				A41222E32A7835BA00B681A2 /* Products */,
			);
			sourceTree = "<group>";
		};
		A41222E32A7835BA00B681A2 /* Products */ = {
			isa = PBXGroup;
			children = (
				A41222E22A7835BA00B681A2 /* AppACOMs.app */,
			);
			name = Products;
			sourceTree = "<group>";
		};
		A41222E42A7835BA00B681A2 /* AppACOMs */ = {
			isa = PBXGroup;
			children = (
				A41222E52A7835BA00B681A2 /* AppACOMsApp.swift */,
				A41222E72A7835BA00B681A2 /* ContentView.swift */,
				A41223032A7852D500B681A2 /* ViewModel */,
				A41222FE2A7846B400B681A2 /* Model */,
				A41222FB2A783D3100B681A2 /* View */,
				A41222E92A7835BB00B681A2 /* Assets.xcassets */,
				A41222EB2A7835BB00B681A2 /* Preview Content */,
			);
			path = AppACOMs;
			sourceTree = "<group>";
		};
		A41222EB2A7835BB00B681A2 /* Preview Content */ = {
			isa = PBXGroup;
			children = (
				A41222EC2A7835BB00B681A2 /* Preview Assets.xcassets */,
			);
			path = "Preview Content";
			sourceTree = "<group>";
		};
		A41222FB2A783D3100B681A2 /* View */ = {
			isa = PBXGroup;
			children = (
				A41222F32A783CF500B681A2 /* HomeView.swift */,
				A41222F52A783D0400B681A2 /* AcomsView.swift */,
				A41222F72A783D0E00B681A2 /* ProgressView.swift */,
				A41222F92A783D2600B681A2 /* ProfileView.swift */,
			);
			path = View;
			sourceTree = "<group>";
		};
		A41222FE2A7846B400B681A2 /* Model */ = {
			isa = PBXGroup;
			children = (
				A41222FC2A7846AB00B681A2 /* Activity.swift */,
				A41222FF2A78474200B681A2 /* Acom.swift */,
			);
			path = Model;
			sourceTree = "<group>";
		};
		A41223032A7852D500B681A2 /* ViewModel */ = {
			isa = PBXGroup;
			children = (
				A41223012A7852CD00B681A2 /* HomeView-ViewModel.swift */,
			);
			path = ViewModel;
			sourceTree = "<group>";
		};
/* End PBXGroup section */

/* Begin PBXNativeTarget section */
		A41222E12A7835BA00B681A2 /* AppACOMs */ = {
			isa = PBXNativeTarget;
			buildConfigurationList = A41222F02A7835BB00B681A2 /* Build configuration list for PBXNativeTarget "AppACOMs" */;
			buildPhases = (
				A41222DE2A7835BA00B681A2 /* Sources */,
				A41222DF2A7835BA00B681A2 /* Frameworks */,
				A41222E02A7835BA00B681A2 /* Resources */,
			);
			buildRules = (
			);
			dependencies = (
			);
			name = AppACOMs;
			productName = AppACOMs;
			productReference = A41222E22A7835BA00B681A2 /* AppACOMs.app */;
			productType = "com.apple.product-type.application";
		};
/* End PBXNativeTarget section */

/* Begin PBXProject section */
		A41222DA2A7835BA00B681A2 /* Project object */ = {
			isa = PBXProject;
			attributes = {
				BuildIndependentTargetsInParallel = 1;
				LastSwiftUpdateCheck = 1430;
				LastUpgradeCheck = 1430;
				TargetAttributes = {
					A41222E12A7835BA00B681A2 = {
						CreatedOnToolsVersion = 14.3.1;
					};
				};
			};
			buildConfigurationList = A41222DD2A7835BA00B681A2 /* Build configuration list for PBXProject "AppACOMs" */;
			compatibilityVersion = "Xcode 14.0";
			developmentRegion = en;
			hasScannedForEncodings = 0;
			knownRegions = (
				en,
				Base,
			);
			mainGroup = A41222D92A7835BA00B681A2;
			productRefGroup = A41222E32A7835BA00B681A2 /* Products */;
			projectDirPath = "";
			projectRoot = "";
			targets = (
				A41222E12A7835BA00B681A2 /* AppACOMs */,
			);
		};
/* End PBXProject section */

/* Begin PBXResourcesBuildPhase section */
		A41222E02A7835BA00B681A2 /* Resources */ = {
			isa = PBXResourcesBuildPhase;
			buildActionMask = 2147483647;
			files = (
				A41222ED2A7835BB00B681A2 /* Preview Assets.xcassets in Resources */,
				A41222EA2A7835BB00B681A2 /* Assets.xcassets in Resources */,
			);
			runOnlyForDeploymentPostprocessing = 0;
		};
/* End PBXResourcesBuildPhase section */

/* Begin PBXSourcesBuildPhase section */
		A41222DE2A7835BA00B681A2 /* Sources */ = {
			isa = PBXSourcesBuildPhase;
			buildActionMask = 2147483647;
			files = (
				A41222F62A783D0400B681A2 /* AcomsView.swift in Sources */,
				A41222F42A783CF500B681A2 /* HomeView.swift in Sources */,
				A41223022A7852CD00B681A2 /* HomeView-ViewModel.swift in Sources */,
				A41222FD2A7846AC00B681A2 /* Activity.swift in Sources */,
				A41222F82A783D0E00B681A2 /* ProgressView.swift in Sources */,
				A41222E82A7835BA00B681A2 /* ContentView.swift in Sources */,
				A41223002A78474200B681A2 /* Acom.swift in Sources */,
				A41222FA2A783D2600B681A2 /* ProfileView.swift in Sources */,
				A41222E62A7835BA00B681A2 /* AppACOMsApp.swift in Sources */,
			);
			runOnlyForDeploymentPostprocessing = 0;
		};
/* End PBXSourcesBuildPhase section */

/* Begin XCBuildConfiguration section */
		A41222EE2A7835BB00B681A2 /* Debug */ = {
			isa = XCBuildConfiguration;
			buildSettings = {
				ALWAYS_SEARCH_USER_PATHS = NO;
				CLANG_ANALYZER_NONNULL = YES;
				CLANG_ANALYZER_NUMBER_OBJECT_CONVERSION = YES_AGGRESSIVE;
				CLANG_CXX_LANGUAGE_STANDARD = "gnu++20";
				CLANG_ENABLE_MODULES = YES;
				CLANG_ENABLE_OBJC_ARC = YES;
				CLANG_ENABLE_OBJC_WEAK = YES;
				CLANG_WARN_BLOCK_CAPTURE_AUTORELEASING = YES;
				CLANG_WARN_BOOL_CONVERSION = YES;
				CLANG_WARN_COMMA = YES;
				CLANG_WARN_CONSTANT_CONVERSION = YES;
				CLANG_WARN_DEPRECATED_OBJC_IMPLEMENTATIONS = YES;
				CLANG_WARN_DIRECT_OBJC_ISA_USAGE = YES_ERROR;
				CLANG_WARN_DOCUMENTATION_COMMENTS = YES;
				CLANG_WARN_EMPTY_BODY = YES;
				CLANG_WARN_ENUM_CONVERSION = YES;
				CLANG_WARN_INFINITE_RECURSION = YES;
				CLANG_WARN_INT_CONVERSION = YES;
				CLANG_WARN_NON_LITERAL_NULL_CONVERSION = YES;
				CLANG_WARN_OBJC_IMPLICIT_RETAIN_SELF = YES;
				CLANG_WARN_OBJC_LITERAL_CONVERSION = YES;
				CLANG_WARN_OBJC_ROOT_CLASS = YES_ERROR;
				CLANG_WARN_QUOTED_INCLUDE_IN_FRAMEWORK_HEADER = YES;
				CLANG_WARN_RANGE_LOOP_ANALYSIS = YES;
				CLANG_WARN_STRICT_PROTOTYPES = YES;
				CLANG_WARN_SUSPICIOUS_MOVE = YES;
				CLANG_WARN_UNGUARDED_AVAILABILITY = YES_AGGRESSIVE;
				CLANG_WARN_UNREACHABLE_CODE = YES;
				CLANG_WARN__DUPLICATE_METHOD_MATCH = YES;
				COPY_PHASE_STRIP = NO;
				DEBUG_INFORMATION_FORMAT = dwarf;
				ENABLE_STRICT_OBJC_MSGSEND = YES;
				ENABLE_TESTABILITY = YES;
				GCC_C_LANGUAGE_STANDARD = gnu11;
				GCC_DYNAMIC_NO_PIC = NO;
				GCC_NO_COMMON_BLOCKS = YES;
				GCC_OPTIMIZATION_LEVEL = 0;
				GCC_PREPROCESSOR_DEFINITIONS = (
					"DEBUG=1",
					"$(inherited)",
				);
				GCC_WARN_64_TO_32_BIT_CONVERSION = YES;
				GCC_WARN_ABOUT_RETURN_TYPE = YES_ERROR;
				GCC_WARN_UNDECLARED_SELECTOR = YES;
				GCC_WARN_UNINITIALIZED_AUTOS = YES_AGGRESSIVE;
				GCC_WARN_UNUSED_FUNCTION = YES;
				GCC_WARN_UNUSED_VARIABLE = YES;
				IPHONEOS_DEPLOYMENT_TARGET = 16.4;
				MTL_ENABLE_DEBUG_INFO = INCLUDE_SOURCE;
				MTL_FAST_MATH = YES;
				ONLY_ACTIVE_ARCH = YES;
				SDKROOT = iphoneos;
				SWIFT_ACTIVE_COMPILATION_CONDITIONS = DEBUG;
				SWIFT_OPTIMIZATION_LEVEL = "-Onone";
			};
			name = Debug;
		};
		A41222EF2A7835BB00B681A2 /* Release */ = {
			isa = XCBuildConfiguration;
			buildSettings = {
				ALWAYS_SEARCH_USER_PATHS = NO;
				CLANG_ANALYZER_NONNULL = YES;
				CLANG_ANALYZER_NUMBER_OBJECT_CONVERSION = YES_AGGRESSIVE;
				CLANG_CXX_LANGUAGE_STANDARD = "gnu++20";
				CLANG_ENABLE_MODULES = YES;
				CLANG_ENABLE_OBJC_ARC = YES;
				CLANG_ENABLE_OBJC_WEAK = YES;
				CLANG_WARN_BLOCK_CAPTURE_AUTORELEASING = YES;
				CLANG_WARN_BOOL_CONVERSION = YES;
				CLANG_WARN_COMMA = YES;
				CLANG_WARN_CONSTANT_CONVERSION = YES;
				CLANG_WARN_DEPRECATED_OBJC_IMPLEMENTATIONS = YES;
				CLANG_WARN_DIRECT_OBJC_ISA_USAGE = YES_ERROR;
				CLANG_WARN_DOCUMENTATION_COMMENTS = YES;
				CLANG_WARN_EMPTY_BODY = YES;
				CLANG_WARN_ENUM_CONVERSION = YES;
				CLANG_WARN_INFINITE_RECURSION = YES;
				CLANG_WARN_INT_CONVERSION = YES;
				CLANG_WARN_NON_LITERAL_NULL_CONVERSION = YES;
				CLANG_WARN_OBJC_IMPLICIT_RETAIN_SELF = YES;
				CLANG_WARN_OBJC_LITERAL_CONVERSION = YES;
				CLANG_WARN_OBJC_ROOT_CLASS = YES_ERROR;
				CLANG_WARN_QUOTED_INCLUDE_IN_FRAMEWORK_HEADER = YES;
				CLANG_WARN_RANGE_LOOP_ANALYSIS = YES;
				CLANG_WARN_STRICT_PROTOTYPES = YES;
				CLANG_WARN_SUSPICIOUS_MOVE = YES;
				CLANG_WARN_UNGUARDED_AVAILABILITY = YES_AGGRESSIVE;
				CLANG_WARN_UNREACHABLE_CODE = YES;
				CLANG_WARN__DUPLICATE_METHOD_MATCH = YES;
				COPY_PHASE_STRIP = NO;
				DEBUG_INFORMATION_FORMAT = "dwarf-with-dsym";
				ENABLE_NS_ASSERTIONS = NO;
				ENABLE_STRICT_OBJC_MSGSEND = YES;
				GCC_C_LANGUAGE_STANDARD = gnu11;
				GCC_NO_COMMON_BLOCKS = YES;
				GCC_WARN_64_TO_32_BIT_CONVERSION = YES;
				GCC_WARN_ABOUT_RETURN_TYPE = YES_ERROR;
				GCC_WARN_UNDECLARED_SELECTOR = YES;
				GCC_WARN_UNINITIALIZED_AUTOS = YES_AGGRESSIVE;
				GCC_WARN_UNUSED_FUNCTION = YES;
				GCC_WARN_UNUSED_VARIABLE = YES;
				IPHONEOS_DEPLOYMENT_TARGET = 16.4;
				MTL_ENABLE_DEBUG_INFO = NO;
				MTL_FAST_MATH = YES;
				SDKROOT = iphoneos;
				SWIFT_COMPILATION_MODE = wholemodule;
				SWIFT_OPTIMIZATION_LEVEL = "-O";
				VALIDATE_PRODUCT = YES;
			};
			name = Release;
		};
		A41222F12A7835BB00B681A2 /* Debug */ = {
			isa = XCBuildConfiguration;
			buildSettings = {
				ASSETCATALOG_COMPILER_APPICON_NAME = AppIcon;
				ASSETCATALOG_COMPILER_GLOBAL_ACCENT_COLOR_NAME = AccentColor;
				CODE_SIGN_STYLE = Automatic;
				CURRENT_PROJECT_VERSION = 1;
				DEVELOPMENT_ASSET_PATHS = "\"AppACOMs/Preview Content\"";
				DEVELOPMENT_TEAM = JK7SXFP9R2;
				ENABLE_PREVIEWS = YES;
				GENERATE_INFOPLIST_FILE = YES;
				INFOPLIST_KEY_UIApplicationSceneManifest_Generation = YES;
				INFOPLIST_KEY_UIApplicationSupportsIndirectInputEvents = YES;
				INFOPLIST_KEY_UILaunchScreen_Generation = YES;
				INFOPLIST_KEY_UISupportedInterfaceOrientations_iPad = "UIInterfaceOrientationPortrait UIInterfaceOrientationPortraitUpsideDown UIInterfaceOrientationLandscapeLeft UIInterfaceOrientationLandscapeRight";
				INFOPLIST_KEY_UISupportedInterfaceOrientations_iPhone = "UIInterfaceOrientationPortrait UIInterfaceOrientationLandscapeLeft UIInterfaceOrientationLandscapeRight";
				LD_RUNPATH_SEARCH_PATHS = (
					"$(inherited)",
					"@executable_path/Frameworks",
				);
				MARKETING_VERSION = 1.0;
				PRODUCT_BUNDLE_IDENTIFIER = Uriel.AppACOMs;
				PRODUCT_NAME = "$(TARGET_NAME)";
				SWIFT_EMIT_LOC_STRINGS = YES;
				SWIFT_VERSION = 5.0;
				TARGETED_DEVICE_FAMILY = "1,2";
			};
			name = Debug;
		};
		A41222F22A7835BB00B681A2 /* Release */ = {
			isa = XCBuildConfiguration;
			buildSettings = {
				ASSETCATALOG_COMPILER_APPICON_NAME = AppIcon;
				ASSETCATALOG_COMPILER_GLOBAL_ACCENT_COLOR_NAME = AccentColor;
				CODE_SIGN_STYLE = Automatic;
				CURRENT_PROJECT_VERSION = 1;
				DEVELOPMENT_ASSET_PATHS = "\"AppACOMs/Preview Content\"";
				DEVELOPMENT_TEAM = JK7SXFP9R2;
				ENABLE_PREVIEWS = YES;
				GENERATE_INFOPLIST_FILE = YES;
				INFOPLIST_KEY_UIApplicationSceneManifest_Generation = YES;
				INFOPLIST_KEY_UIApplicationSupportsIndirectInputEvents = YES;
				INFOPLIST_KEY_UILaunchScreen_Generation = YES;
				INFOPLIST_KEY_UISupportedInterfaceOrientations_iPad = "UIInterfaceOrientationPortrait UIInterfaceOrientationPortraitUpsideDown UIInterfaceOrientationLandscapeLeft UIInterfaceOrientationLandscapeRight";
				INFOPLIST_KEY_UISupportedInterfaceOrientations_iPhone = "UIInterfaceOrientationPortrait UIInterfaceOrientationLandscapeLeft UIInterfaceOrientationLandscapeRight";
				LD_RUNPATH_SEARCH_PATHS = (
					"$(inherited)",
					"@executable_path/Frameworks",
				);
				MARKETING_VERSION = 1.0;
				PRODUCT_BUNDLE_IDENTIFIER = Uriel.AppACOMs;
				PRODUCT_NAME = "$(TARGET_NAME)";
				SWIFT_EMIT_LOC_STRINGS = YES;
				SWIFT_VERSION = 5.0;
				TARGETED_DEVICE_FAMILY = "1,2";
			};
			name = Release;
		};
/* End XCBuildConfiguration section */

/* Begin XCConfigurationList section */
		A41222DD2A7835BA00B681A2 /* Build configuration list for PBXProject "AppACOMs" */ = {
			isa = XCConfigurationList;
			buildConfigurations = (
				A41222EE2A7835BB00B681A2 /* Debug */,
				A41222EF2A7835BB00B681A2 /* Release */,
			);
			defaultConfigurationIsVisible = 0;
			defaultConfigurationName = Release;
		};
		A41222F02A7835BB00B681A2 /* Build configuration list for PBXNativeTarget "AppACOMs" */ = {
			isa = XCConfigurationList;
			buildConfigurations = (
				A41222F12A7835BB00B681A2 /* Debug */,
				A41222F22A7835BB00B681A2 /* Release */,
			);
			defaultConfigurationIsVisible = 0;
			defaultConfigurationName = Release;
		};
/* End XCConfigurationList section */
	};
	rootObject = A41222DA2A7835BA00B681A2 /* Project object */;
}
